
Microsoft Visual Studio Solution File, Format Version 12.00
# Visual Studio 14
VisualStudioVersion = 14.0.25420.1
MinimumVisualStudioVersion = 10.0.40219.1
Project("{8BC9CEB8-8B4A-11D0-8D11-00A0C91BC942}") = "warSim1 - C++", "warSim1 - C++\warSim1 - C++\warSim1 - C++.vcxproj", "{9143702F-57E6-4380-BCAC-DC1A6DE9E0FF}"
EndProject
Project("{FAE04EC0-301F-11D3-BF4B-00C04F79EFBC}") = "warSim2 - CSharp", "warSim2 - C#\warSim2\warSim2 - CSharp.csproj", "{DC2417B9-3BB2-40C1-AA68-AC9F31410F3E}"
EndProject
Global
	GlobalSection(SolutionConfigurationPlatforms) = preSolution
		Debug|Any CPU = Debug|Any CPU
		Debug|x64 = Debug|x64
		Debug|x86 = Debug|x86
		Release|Any CPU = Release|Any CPU
		Release|x64 = Release|x64
		Release|x86 = Release|x86
	EndGlobalSection
	GlobalSection(ProjectConfigurationPlatforms) = postSolution
		{9143702F-57E6-4380-BCAC-DC1A6DE9E0FF}.Debug|Any CPU.ActiveCfg = Debug|Win32
		{9143702F-57E6-4380-BCAC-DC1A6DE9E0FF}.Debug|x64.ActiveCfg = Debug|x64
		{9143702F-57E6-4380-BCAC-DC1A6DE9E0FF}.Debug|x64.Build.0 = Debug|x64
		{9143702F-57E6-4380-BCAC-DC1A6DE9E0FF}.Debug|x86.ActiveCfg = Debug|Win32
		{9143702F-57E6-4380-BCAC-DC1A6DE9E0FF}.Debug|x86.Build.0 = Debug|Win32
		{9143702F-57E6-4380-BCAC-DC1A6DE9E0FF}.Release|Any CPU.ActiveCfg = Release|Win32
		{9143702F-57E6-4380-BCAC-DC1A6DE9E0FF}.Release|x64.ActiveCfg = Release|x64
		{9143702F-57E6-4380-BCAC-DC1A6DE9E0FF}.Release|x64.Build.0 = Release|x64
		{9143702F-57E6-4380-BCAC-DC1A6DE9E0FF}.Release|x86.ActiveCfg = Release|Win32
		{9143702F-57E6-4380-BCAC-DC1A6DE9E0FF}.Release|x86.Build.0 = Release|Win32
		{DC2417B9-3BB2-40C1-AA68-AC9F31410F3E}.Debug|Any CPU.ActiveCfg = Debug|Any CPU
		{DC2417B9-3BB2-40C1-AA68-AC9F31410F3E}.Debug|Any CPU.Build.0 = Debug|Any CPU
		{DC2417B9-3BB2-40C1-AA68-AC9F31410F3E}.Debug|x64.ActiveCfg = Debug|Any CPU
		{DC2417B9-3BB2-40C1-AA68-AC9F31410F3E}.Debug|x64.Build.0 = Debug|Any CPU
		{DC2417B9-3BB2-40C1-AA68-AC9F31410F3E}.Debug|x86.ActiveCfg = Debug|Any CPU
		{DC2417B9-3BB2-40C1-AA68-AC9F31410F3E}.Debug|x86.Build.0 = Debug|Any CPU
		{DC2417B9-3BB2-40C1-AA68-AC9F31410F3E}.Release|Any CPU.ActiveCfg = Release|Any CPU
		{DC2417B9-3BB2-40C1-AA68-AC9F31410F3E}.Release|Any CPU.Build.0 = Release|Any CPU
		{DC2417B9-3BB2-40C1-AA68-AC9F31410F3E}.Release|x64.ActiveCfg = Release|Any CPU
		{DC2417B9-3BB2-40C1-AA68-AC9F31410F3E}.Release|x64.Build.0 = Release|Any CPU
		{DC2417B9-3BB2-40C1-AA68-AC9F31410F3E}.Release|x86.ActiveCfg = Release|Any CPU
		{DC2417B9-3BB2-40C1-AA68-AC9F31410F3E}.Release|x86.Build.0 = Release|Any CPU
	EndGlobalSection
	GlobalSection(SolutionProperties) = preSolution
		HideSolutionNode = FALSE
	EndGlobalSection
EndGlobal
